// !$*UTF8*$!
{
	archiveVersion = 1;
	classes = {
	};
	objectVersion = 48;
	objects = {

/* Begin PBXBuildFile section */
		47B4AC7D20E4B9EB005AD68B /* LNFPasswordGenerateVc.m in Sources */ = {isa = PBXBuildFile; fileRef = 47B4AC7B20E4B9EB005AD68B /* LNFPasswordGenerateVc.m */; };
		47B4AC7E20E4B9EB005AD68B /* LNFPasswordGenerateVc.xib in Resources */ = {isa = PBXBuildFile; fileRef = 47B4AC7C20E4B9EB005AD68B /* LNFPasswordGenerateVc.xib */; };
		EA3113601FD63BCB00BF1A77 /* AppDelegate.m in Sources */ = {isa = PBXBuildFile; fileRef = EA31135F1FD63BCB00BF1A77 /* AppDelegate.m */; };
		EA3113681FD63BCB00BF1A77 /* Assets.xcassets in Resources */ = {isa = PBXBuildFile; fileRef = EA3113671FD63BCB00BF1A77 /* Assets.xcassets */; };
		EA31136E1FD63BCB00BF1A77 /* main.m in Sources */ = {isa = PBXBuildFile; fileRef = EA31136D1FD63BCB00BF1A77 /* main.m */; };
		EA3113811FD6433500BF1A77 /* LNFAppHelper.m in Sources */ = {isa = PBXBuildFile; fileRef = EA3113801FD6433500BF1A77 /* LNFAppHelper.m */; };
		EA3113841FD647C300BF1A77 /* LNFTabBarController.m in Sources */ = {isa = PBXBuildFile; fileRef = EA3113831FD647C300BF1A77 /* LNFTabBarController.m */; };
		EA3113871FD6483E00BF1A77 /* LNFBaseVc.m in Sources */ = {isa = PBXBuildFile; fileRef = EA3113861FD6483E00BF1A77 /* LNFBaseVc.m */; };
		EA3113921FD6499300BF1A77 /* common_check_choose@3x.png in Resources */ = {isa = PBXBuildFile; fileRef = EA3113881FD6499100BF1A77 /* common_check_choose@3x.png */; };
		EA3113931FD6499300BF1A77 /* common_right_arrow@3x.png in Resources */ = {isa = PBXBuildFile; fileRef = EA3113891FD6499100BF1A77 /* common_right_arrow@3x.png */; };
		EA3113941FD6499300BF1A77 /* check_notchoose@3x.png in Resources */ = {isa = PBXBuildFile; fileRef = EA31138A1FD6499100BF1A77 /* check_notchoose@3x.png */; };
		EA3113951FD6499300BF1A77 /* common_check_notchoose@3x.png in Resources */ = {isa = PBXBuildFile; fileRef = EA31138B1FD6499200BF1A77 /* common_check_notchoose@3x.png */; };
		EA3113961FD6499300BF1A77 /* common_search@3x.png in Resources */ = {isa = PBXBuildFile; fileRef = EA31138C1FD6499200BF1A77 /* common_search@3x.png */; };
		EA3113971FD6499300BF1A77 /* common_refresh@3x.png in Resources */ = {isa = PBXBuildFile; fileRef = EA31138D1FD6499200BF1A77 /* common_refresh@3x.png */; };
		EA3113981FD6499300BF1A77 /* common_navBar_back_icon@3x.png in Resources */ = {isa = PBXBuildFile; fileRef = EA31138E1FD6499200BF1A77 /* common_navBar_back_icon@3x.png */; };
		EA3113991FD6499300BF1A77 /* common_filter@3x.png in Resources */ = {isa = PBXBuildFile; fileRef = EA31138F1FD6499200BF1A77 /* common_filter@3x.png */; };
		EA31139A1FD6499300BF1A77 /* check_choose@3x.png in Resources */ = {isa = PBXBuildFile; fileRef = EA3113901FD6499200BF1A77 /* check_choose@3x.png */; };
		EA31139B1FD6499300BF1A77 /* common_loadingHud@2x.png in Resources */ = {isa = PBXBuildFile; fileRef = EA3113911FD6499300BF1A77 /* common_loadingHud@2x.png */; };
		EA3113A01FD64A9300BF1A77 /* LNFNavigationVc.m in Sources */ = {isa = PBXBuildFile; fileRef = EA31139F1FD64A9300BF1A77 /* LNFNavigationVc.m */; };
		EA3113A31FD64B6000BF1A77 /* LNFMainModuleVc.m in Sources */ = {isa = PBXBuildFile; fileRef = EA3113A21FD64B6000BF1A77 /* LNFMainModuleVc.m */; };
		EA3113AC1FD6507F00BF1A77 /* LNFChangeBaseUrlVc.m in Sources */ = {isa = PBXBuildFile; fileRef = EA3113AB1FD6507F00BF1A77 /* LNFChangeBaseUrlVc.m */; };
		EA3113B51FD660A900BF1A77 /* LNFButtonItem.m in Sources */ = {isa = PBXBuildFile; fileRef = EA3113B21FD660A900BF1A77 /* LNFButtonItem.m */; };
		EA3113B61FD660A900BF1A77 /* UIAlertView+Blocks.m in Sources */ = {isa = PBXBuildFile; fileRef = EA3113B41FD660A900BF1A77 /* UIAlertView+Blocks.m */; };
		EA3113BA1FD6611700BF1A77 /* BaseUrl.plist in Resources */ = {isa = PBXBuildFile; fileRef = EA3113B91FD6611700BF1A77 /* BaseUrl.plist */; };
		EA3113BF1FD6637800BF1A77 /* LNFTableViewDataSourceHelper.m in Sources */ = {isa = PBXBuildFile; fileRef = EA3113BD1FD6637800BF1A77 /* LNFTableViewDataSourceHelper.m */; };
		EA3113C01FD6637800BF1A77 /* LNFTableViewDelegateHelper.m in Sources */ = {isa = PBXBuildFile; fileRef = EA3113BE1FD6637800BF1A77 /* LNFTableViewDelegateHelper.m */; };
		EA3113C61FD6684600BF1A77 /* LNFIdCardNumberModel.m in Sources */ = {isa = PBXBuildFile; fileRef = EA3113C51FD6684600BF1A77 /* LNFIdCardNumberModel.m */; };
		EA3D3DFD213D19CD000D7DAC /* LNFPhotoLibraryPhotoAlbumListVc.m in Sources */ = {isa = PBXBuildFile; fileRef = EA3D3DFC213D19CD000D7DAC /* LNFPhotoLibraryPhotoAlbumListVc.m */; };
		EA3D3E00213D1A55000D7DAC /* LNFPhotoLibraryPhotoAlbumListCell.m in Sources */ = {isa = PBXBuildFile; fileRef = EA3D3DFF213D1A55000D7DAC /* LNFPhotoLibraryPhotoAlbumListCell.m */; };
		EA3D3E03213D1AD2000D7DAC /* LNFFetchPhotoAlbumListHelpModel.m in Sources */ = {isa = PBXBuildFile; fileRef = EA3D3E02213D1AD2000D7DAC /* LNFFetchPhotoAlbumListHelpModel.m */; };
		EA3D3E06213D1B16000D7DAC /* LNFAssetRequestImageHelpModel.m in Sources */ = {isa = PBXBuildFile; fileRef = EA3D3E05213D1B16000D7DAC /* LNFAssetRequestImageHelpModel.m */; };
		EA3D3E09213D1BA3000D7DAC /* LNFPhotoLibraryPhotoShowAndSelectVc.m in Sources */ = {isa = PBXBuildFile; fileRef = EA3D3E08213D1BA3000D7DAC /* LNFPhotoLibraryPhotoShowAndSelectVc.m */; };
		EA3D3E0C213D1CC2000D7DAC /* LNFPhotoShowCollectionViewCell.m in Sources */ = {isa = PBXBuildFile; fileRef = EA3D3E0B213D1CC2000D7DAC /* LNFPhotoShowCollectionViewCell.m */; };
		EA3D3E0F213D1E81000D7DAC /* LNFZoomPictureView.m in Sources */ = {isa = PBXBuildFile; fileRef = EA3D3E0E213D1E81000D7DAC /* LNFZoomPictureView.m */; };
		EA3D3E12213D221A000D7DAC /* UIImage+LNFCategory.m in Sources */ = {isa = PBXBuildFile; fileRef = EA3D3E11213D221A000D7DAC /* UIImage+LNFCategory.m */; };
		EA3D3E14213D2489000D7DAC /* common_picture_placeholder@3x.png in Resources */ = {isa = PBXBuildFile; fileRef = EA3D3E13213D2488000D7DAC /* common_picture_placeholder@3x.png */; };
		F6CF64F857EA8DA87180E926 /* libPods-iOS_Learning.a in Frameworks */ = {isa = PBXBuildFile; fileRef = 623EE43C053BAEBC7FC96CF4 /* libPods-iOS_Learning.a */; };
/* End PBXBuildFile section */

/* Begin PBXFileReference section */
		47B4AC7A20E4B9EB005AD68B /* LNFPasswordGenerateVc.h */ = {isa = PBXFileReference; lastKnownFileType = sourcecode.c.h; path = LNFPasswordGenerateVc.h; sourceTree = "<group>"; };
		47B4AC7B20E4B9EB005AD68B /* LNFPasswordGenerateVc.m */ = {isa = PBXFileReference; lastKnownFileType = sourcecode.c.objc; path = LNFPasswordGenerateVc.m; sourceTree = "<group>"; };
		47B4AC7C20E4B9EB005AD68B /* LNFPasswordGenerateVc.xib */ = {isa = PBXFileReference; lastKnownFileType = file.xib; path = LNFPasswordGenerateVc.xib; sourceTree = "<group>"; };
		487B35305F8BD77762380BB6 /* Pods-iOS_Learning.release.xcconfig */ = {isa = PBXFileReference; includeInIndex = 1; lastKnownFileType = text.xcconfig; name = "Pods-iOS_Learning.release.xcconfig"; path = "Pods/Target Support Files/Pods-iOS_Learning/Pods-iOS_Learning.release.xcconfig"; sourceTree = "<group>"; };
		623EE43C053BAEBC7FC96CF4 /* libPods-iOS_Learning.a */ = {isa = PBXFileReference; explicitFileType = archive.ar; includeInIndex = 0; path = "libPods-iOS_Learning.a"; sourceTree = BUILT_PRODUCTS_DIR; };
		EA31135B1FD63BCB00BF1A77 /* iOS_Learning.app */ = {isa = PBXFileReference; explicitFileType = wrapper.application; includeInIndex = 0; path = iOS_Learning.app; sourceTree = BUILT_PRODUCTS_DIR; };
		EA31135E1FD63BCB00BF1A77 /* AppDelegate.h */ = {isa = PBXFileReference; lastKnownFileType = sourcecode.c.h; path = AppDelegate.h; sourceTree = "<group>"; };
		EA31135F1FD63BCB00BF1A77 /* AppDelegate.m */ = {isa = PBXFileReference; lastKnownFileType = sourcecode.c.objc; path = AppDelegate.m; sourceTree = "<group>"; };
		EA3113671FD63BCB00BF1A77 /* Assets.xcassets */ = {isa = PBXFileReference; lastKnownFileType = folder.assetcatalog; path = Assets.xcassets; sourceTree = "<group>"; };
		EA31136C1FD63BCB00BF1A77 /* Info.plist */ = {isa = PBXFileReference; lastKnownFileType = text.plist.xml; path = Info.plist; sourceTree = "<group>"; };
		EA31136D1FD63BCB00BF1A77 /* main.m */ = {isa = PBXFileReference; lastKnownFileType = sourcecode.c.objc; path = main.m; sourceTree = "<group>"; };
		EA3113791FD63E6600BF1A77 /* PrefixHeader.pch */ = {isa = PBXFileReference; lastKnownFileType = sourcecode.c.h; path = PrefixHeader.pch; sourceTree = "<group>"; };
		EA31137F1FD6433500BF1A77 /* LNFAppHelper.h */ = {isa = PBXFileReference; lastKnownFileType = sourcecode.c.h; path = LNFAppHelper.h; sourceTree = "<group>"; };
		EA3113801FD6433500BF1A77 /* LNFAppHelper.m */ = {isa = PBXFileReference; lastKnownFileType = sourcecode.c.objc; path = LNFAppHelper.m; sourceTree = "<group>"; };
		EA3113821FD647C300BF1A77 /* LNFTabBarController.h */ = {isa = PBXFileReference; lastKnownFileType = sourcecode.c.h; path = LNFTabBarController.h; sourceTree = "<group>"; };
		EA3113831FD647C300BF1A77 /* LNFTabBarController.m */ = {isa = PBXFileReference; lastKnownFileType = sourcecode.c.objc; path = LNFTabBarController.m; sourceTree = "<group>"; };
		EA3113851FD6483E00BF1A77 /* LNFBaseVc.h */ = {isa = PBXFileReference; lastKnownFileType = sourcecode.c.h; path = LNFBaseVc.h; sourceTree = "<group>"; };
		EA3113861FD6483E00BF1A77 /* LNFBaseVc.m */ = {isa = PBXFileReference; lastKnownFileType = sourcecode.c.objc; path = LNFBaseVc.m; sourceTree = "<group>"; };
		EA3113881FD6499100BF1A77 /* common_check_choose@3x.png */ = {isa = PBXFileReference; lastKnownFileType = image.png; path = "common_check_choose@3x.png"; sourceTree = "<group>"; };
		EA3113891FD6499100BF1A77 /* common_right_arrow@3x.png */ = {isa = PBXFileReference; lastKnownFileType = image.png; path = "common_right_arrow@3x.png"; sourceTree = "<group>"; };
		EA31138A1FD6499100BF1A77 /* check_notchoose@3x.png */ = {isa = PBXFileReference; lastKnownFileType = image.png; path = "check_notchoose@3x.png"; sourceTree = "<group>"; };
		EA31138B1FD6499200BF1A77 /* common_check_notchoose@3x.png */ = {isa = PBXFileReference; lastKnownFileType = image.png; path = "common_check_notchoose@3x.png"; sourceTree = "<group>"; };
		EA31138C1FD6499200BF1A77 /* common_search@3x.png */ = {isa = PBXFileReference; lastKnownFileType = image.png; path = "common_search@3x.png"; sourceTree = "<group>"; };
		EA31138D1FD6499200BF1A77 /* common_refresh@3x.png */ = {isa = PBXFileReference; lastKnownFileType = image.png; path = "common_refresh@3x.png"; sourceTree = "<group>"; };
		EA31138E1FD6499200BF1A77 /* common_navBar_back_icon@3x.png */ = {isa = PBXFileReference; lastKnownFileType = image.png; path = "common_navBar_back_icon@3x.png"; sourceTree = "<group>"; };
		EA31138F1FD6499200BF1A77 /* common_filter@3x.png */ = {isa = PBXFileReference; lastKnownFileType = image.png; path = "common_filter@3x.png"; sourceTree = "<group>"; };
		EA3113901FD6499200BF1A77 /* check_choose@3x.png */ = {isa = PBXFileReference; lastKnownFileType = image.png; path = "check_choose@3x.png"; sourceTree = "<group>"; };
		EA3113911FD6499300BF1A77 /* common_loadingHud@2x.png */ = {isa = PBXFileReference; lastKnownFileType = image.png; path = "common_loadingHud@2x.png"; sourceTree = "<group>"; };
		EA31139D1FD649F300BF1A77 /* LNFCommonStringHeader.h */ = {isa = PBXFileReference; lastKnownFileType = sourcecode.c.h; path = LNFCommonStringHeader.h; sourceTree = "<group>"; };
		EA31139E1FD64A9300BF1A77 /* LNFNavigationVc.h */ = {isa = PBXFileReference; lastKnownFileType = sourcecode.c.h; path = LNFNavigationVc.h; sourceTree = "<group>"; };
		EA31139F1FD64A9300BF1A77 /* LNFNavigationVc.m */ = {isa = PBXFileReference; lastKnownFileType = sourcecode.c.objc; path = LNFNavigationVc.m; sourceTree = "<group>"; };
		EA3113A11FD64B6000BF1A77 /* LNFMainModuleVc.h */ = {isa = PBXFileReference; lastKnownFileType = sourcecode.c.h; path = LNFMainModuleVc.h; sourceTree = "<group>"; };
		EA3113A21FD64B6000BF1A77 /* LNFMainModuleVc.m */ = {isa = PBXFileReference; lastKnownFileType = sourcecode.c.objc; path = LNFMainModuleVc.m; sourceTree = "<group>"; };
		EA3113AA1FD6507F00BF1A77 /* LNFChangeBaseUrlVc.h */ = {isa = PBXFileReference; lastKnownFileType = sourcecode.c.h; path = LNFChangeBaseUrlVc.h; sourceTree = "<group>"; };
		EA3113AB1FD6507F00BF1A77 /* LNFChangeBaseUrlVc.m */ = {isa = PBXFileReference; lastKnownFileType = sourcecode.c.objc; path = LNFChangeBaseUrlVc.m; sourceTree = "<group>"; };
		EA3113AD1FD6519F00BF1A77 /* LNFUserDefultsHeader.h */ = {isa = PBXFileReference; lastKnownFileType = sourcecode.c.h; path = LNFUserDefultsHeader.h; sourceTree = "<group>"; };
		EA3113B11FD660A900BF1A77 /* LNFButtonItem.h */ = {isa = PBXFileReference; fileEncoding = 4; lastKnownFileType = sourcecode.c.h; path = LNFButtonItem.h; sourceTree = "<group>"; };
		EA3113B21FD660A900BF1A77 /* LNFButtonItem.m */ = {isa = PBXFileReference; fileEncoding = 4; lastKnownFileType = sourcecode.c.objc; path = LNFButtonItem.m; sourceTree = "<group>"; };
		EA3113B31FD660A900BF1A77 /* UIAlertView+Blocks.h */ = {isa = PBXFileReference; fileEncoding = 4; lastKnownFileType = sourcecode.c.h; path = "UIAlertView+Blocks.h"; sourceTree = "<group>"; };
		EA3113B41FD660A900BF1A77 /* UIAlertView+Blocks.m */ = {isa = PBXFileReference; fileEncoding = 4; lastKnownFileType = sourcecode.c.objc; path = "UIAlertView+Blocks.m"; sourceTree = "<group>"; };
		EA3113B91FD6611700BF1A77 /* BaseUrl.plist */ = {isa = PBXFileReference; fileEncoding = 4; lastKnownFileType = text.plist.xml; path = BaseUrl.plist; sourceTree = "<group>"; };
		EA3113BB1FD6637800BF1A77 /* LNFTableViewDataSourceHelper.h */ = {isa = PBXFileReference; fileEncoding = 4; lastKnownFileType = sourcecode.c.h; path = LNFTableViewDataSourceHelper.h; sourceTree = "<group>"; };
		EA3113BC1FD6637800BF1A77 /* LNFTableViewDelegateHelper.h */ = {isa = PBXFileReference; fileEncoding = 4; lastKnownFileType = sourcecode.c.h; path = LNFTableViewDelegateHelper.h; sourceTree = "<group>"; };
		EA3113BD1FD6637800BF1A77 /* LNFTableViewDataSourceHelper.m */ = {isa = PBXFileReference; fileEncoding = 4; lastKnownFileType = sourcecode.c.objc; path = LNFTableViewDataSourceHelper.m; sourceTree = "<group>"; };
		EA3113BE1FD6637800BF1A77 /* LNFTableViewDelegateHelper.m */ = {isa = PBXFileReference; fileEncoding = 4; lastKnownFileType = sourcecode.c.objc; path = LNFTableViewDelegateHelper.m; sourceTree = "<group>"; };
		EA3113C41FD6684600BF1A77 /* LNFIdCardNumberModel.h */ = {isa = PBXFileReference; lastKnownFileType = sourcecode.c.h; path = LNFIdCardNumberModel.h; sourceTree = "<group>"; };
		EA3113C51FD6684600BF1A77 /* LNFIdCardNumberModel.m */ = {isa = PBXFileReference; lastKnownFileType = sourcecode.c.objc; path = LNFIdCardNumberModel.m; sourceTree = "<group>"; };
		EA3D3DFB213D19CD000D7DAC /* LNFPhotoLibraryPhotoAlbumListVc.h */ = {isa = PBXFileReference; lastKnownFileType = sourcecode.c.h; path = LNFPhotoLibraryPhotoAlbumListVc.h; sourceTree = "<group>"; };
		EA3D3DFC213D19CD000D7DAC /* LNFPhotoLibraryPhotoAlbumListVc.m */ = {isa = PBXFileReference; lastKnownFileType = sourcecode.c.objc; path = LNFPhotoLibraryPhotoAlbumListVc.m; sourceTree = "<group>"; };
		EA3D3DFE213D1A55000D7DAC /* LNFPhotoLibraryPhotoAlbumListCell.h */ = {isa = PBXFileReference; lastKnownFileType = sourcecode.c.h; name = LNFPhotoLibraryPhotoAlbumListCell.h; path = iOS_Learning/MainModule/Controller/LNFPhotoLibraryPhotoAlbumListCell.h; sourceTree = SOURCE_ROOT; };
		EA3D3DFF213D1A55000D7DAC /* LNFPhotoLibraryPhotoAlbumListCell.m */ = {isa = PBXFileReference; lastKnownFileType = sourcecode.c.objc; name = LNFPhotoLibraryPhotoAlbumListCell.m; path = iOS_Learning/MainModule/Controller/LNFPhotoLibraryPhotoAlbumListCell.m; sourceTree = SOURCE_ROOT; };
		EA3D3E01213D1AD2000D7DAC /* LNFFetchPhotoAlbumListHelpModel.h */ = {isa = PBXFileReference; lastKnownFileType = sourcecode.c.h; path = LNFFetchPhotoAlbumListHelpModel.h; sourceTree = "<group>"; };
		EA3D3E02213D1AD2000D7DAC /* LNFFetchPhotoAlbumListHelpModel.m */ = {isa = PBXFileReference; lastKnownFileType = sourcecode.c.objc; path = LNFFetchPhotoAlbumListHelpModel.m; sourceTree = "<group>"; };
		EA3D3E04213D1B16000D7DAC /* LNFAssetRequestImageHelpModel.h */ = {isa = PBXFileReference; lastKnownFileType = sourcecode.c.h; path = LNFAssetRequestImageHelpModel.h; sourceTree = "<group>"; };
		EA3D3E05213D1B16000D7DAC /* LNFAssetRequestImageHelpModel.m */ = {isa = PBXFileReference; lastKnownFileType = sourcecode.c.objc; path = LNFAssetRequestImageHelpModel.m; sourceTree = "<group>"; };
		EA3D3E07213D1BA3000D7DAC /* LNFPhotoLibraryPhotoShowAndSelectVc.h */ = {isa = PBXFileReference; lastKnownFileType = sourcecode.c.h; path = LNFPhotoLibraryPhotoShowAndSelectVc.h; sourceTree = "<group>"; };
		EA3D3E08213D1BA3000D7DAC /* LNFPhotoLibraryPhotoShowAndSelectVc.m */ = {isa = PBXFileReference; lastKnownFileType = sourcecode.c.objc; path = LNFPhotoLibraryPhotoShowAndSelectVc.m; sourceTree = "<group>"; };
		EA3D3E0A213D1CC2000D7DAC /* LNFPhotoShowCollectionViewCell.h */ = {isa = PBXFileReference; lastKnownFileType = sourcecode.c.h; name = LNFPhotoShowCollectionViewCell.h; path = iOS_Learning/MainModule/Controller/LNFPhotoShowCollectionViewCell.h; sourceTree = SOURCE_ROOT; };
		EA3D3E0B213D1CC2000D7DAC /* LNFPhotoShowCollectionViewCell.m */ = {isa = PBXFileReference; lastKnownFileType = sourcecode.c.objc; name = LNFPhotoShowCollectionViewCell.m; path = iOS_Learning/MainModule/Controller/LNFPhotoShowCollectionViewCell.m; sourceTree = SOURCE_ROOT; };
		EA3D3E0D213D1E81000D7DAC /* LNFZoomPictureView.h */ = {isa = PBXFileReference; lastKnownFileType = sourcecode.c.h; name = LNFZoomPictureView.h; path = iOS_Learning/MainModule/Controller/LNFZoomPictureView.h; sourceTree = SOURCE_ROOT; };
		EA3D3E0E213D1E81000D7DAC /* LNFZoomPictureView.m */ = {isa = PBXFileReference; lastKnownFileType = sourcecode.c.objc; name = LNFZoomPictureView.m; path = iOS_Learning/MainModule/Controller/LNFZoomPictureView.m; sourceTree = SOURCE_ROOT; };
		EA3D3E10213D221A000D7DAC /* UIImage+LNFCategory.h */ = {isa = PBXFileReference; lastKnownFileType = sourcecode.c.h; path = "UIImage+LNFCategory.h"; sourceTree = "<group>"; };
		EA3D3E11213D221A000D7DAC /* UIImage+LNFCategory.m */ = {isa = PBXFileReference; lastKnownFileType = sourcecode.c.objc; path = "UIImage+LNFCategory.m"; sourceTree = "<group>"; };
		EA3D3E13213D2488000D7DAC /* common_picture_placeholder@3x.png */ = {isa = PBXFileReference; lastKnownFileType = image.png; path = "common_picture_placeholder@3x.png"; sourceTree = "<group>"; };
		F0F56A4E8AF4EDA8F8F69B87 /* Pods-iOS_Learning.debug.xcconfig */ = {isa = PBXFileReference; includeInIndex = 1; lastKnownFileType = text.xcconfig; name = "Pods-iOS_Learning.debug.xcconfig"; path = "Pods/Target Support Files/Pods-iOS_Learning/Pods-iOS_Learning.debug.xcconfig"; sourceTree = "<group>"; };
/* End PBXFileReference section */

/* Begin PBXFrameworksBuildPhase section */
		EA3113581FD63BCB00BF1A77 /* Frameworks */ = {
			isa = PBXFrameworksBuildPhase;
			buildActionMask = 2147483647;
			files = (
				F6CF64F857EA8DA87180E926 /* libPods-iOS_Learning.a in Frameworks */,
			);
			runOnlyForDeploymentPostprocessing = 0;
		};
/* End PBXFrameworksBuildPhase section */

/* Begin PBXGroup section */
		4BEBCCC073CC3FBE6B11D1B6 /* Frameworks */ = {
			isa = PBXGroup;
			children = (
				623EE43C053BAEBC7FC96CF4 /* libPods-iOS_Learning.a */,
			);
			name = Frameworks;
			sourceTree = "<group>";
		};
		78B9C6239B69654747036820 /* Pods */ = {
			isa = PBXGroup;
			children = (
				F0F56A4E8AF4EDA8F8F69B87 /* Pods-iOS_Learning.debug.xcconfig */,
				487B35305F8BD77762380BB6 /* Pods-iOS_Learning.release.xcconfig */,
			);
			name = Pods;
			sourceTree = "<group>";
		};
		EA3113521FD63BCB00BF1A77 = {
			isa = PBXGroup;
			children = (
				EA31135D1FD63BCB00BF1A77 /* iOS_Learning */,
				EA31135C1FD63BCB00BF1A77 /* Products */,
				78B9C6239B69654747036820 /* Pods */,
				4BEBCCC073CC3FBE6B11D1B6 /* Frameworks */,
			);
			sourceTree = "<group>";
		};
		EA31135C1FD63BCB00BF1A77 /* Products */ = {
			isa = PBXGroup;
			children = (
				EA31135B1FD63BCB00BF1A77 /* iOS_Learning.app */,
			);
			name = Products;
			sourceTree = "<group>";
		};
		EA31135D1FD63BCB00BF1A77 /* iOS_Learning */ = {
			isa = PBXGroup;
			children = (
				EA3D3DFA213D15F7000D7DAC /* Supporting Files */,
				EA31137A1FD6431700BF1A77 /* CommonFiles */,
				EA3113741FD63BE900BF1A77 /* MainModule */,
			);
			path = iOS_Learning;
			sourceTree = "<group>";
		};
		EA3113741FD63BE900BF1A77 /* MainModule */ = {
			isa = PBXGroup;
			children = (
				EA3113751FD63BE900BF1A77 /* Controller */,
				EA3113761FD63BE900BF1A77 /* Model */,
				EA3113771FD63BE900BF1A77 /* Sources */,
				EA3113781FD63BE900BF1A77 /* View */,
			);
			path = MainModule;
			sourceTree = "<group>";
		};
		EA3113751FD63BE900BF1A77 /* Controller */ = {
			isa = PBXGroup;
			children = (
				EA3113A11FD64B6000BF1A77 /* LNFMainModuleVc.h */,
				EA3113A21FD64B6000BF1A77 /* LNFMainModuleVc.m */,
				EA3113AA1FD6507F00BF1A77 /* LNFChangeBaseUrlVc.h */,
				EA3113AB1FD6507F00BF1A77 /* LNFChangeBaseUrlVc.m */,
				47B4AC7A20E4B9EB005AD68B /* LNFPasswordGenerateVc.h */,
				47B4AC7B20E4B9EB005AD68B /* LNFPasswordGenerateVc.m */,
				47B4AC7C20E4B9EB005AD68B /* LNFPasswordGenerateVc.xib */,
				EA3D3DFB213D19CD000D7DAC /* LNFPhotoLibraryPhotoAlbumListVc.h */,
				EA3D3DFC213D19CD000D7DAC /* LNFPhotoLibraryPhotoAlbumListVc.m */,
				EA3D3E07213D1BA3000D7DAC /* LNFPhotoLibraryPhotoShowAndSelectVc.h */,
				EA3D3E08213D1BA3000D7DAC /* LNFPhotoLibraryPhotoShowAndSelectVc.m */,
			);
			path = Controller;
			sourceTree = "<group>";
		};
		EA3113761FD63BE900BF1A77 /* Model */ = {
			isa = PBXGroup;
			children = (
				EA3113C41FD6684600BF1A77 /* LNFIdCardNumberModel.h */,
				EA3113C51FD6684600BF1A77 /* LNFIdCardNumberModel.m */,
				EA3D3E01213D1AD2000D7DAC /* LNFFetchPhotoAlbumListHelpModel.h */,
				EA3D3E02213D1AD2000D7DAC /* LNFFetchPhotoAlbumListHelpModel.m */,
				EA3D3E04213D1B16000D7DAC /* LNFAssetRequestImageHelpModel.h */,
				EA3D3E05213D1B16000D7DAC /* LNFAssetRequestImageHelpModel.m */,
			);
			path = Model;
			sourceTree = "<group>";
		};
		EA3113771FD63BE900BF1A77 /* Sources */ = {
			isa = PBXGroup;
			children = (
			);
			path = Sources;
			sourceTree = "<group>";
		};
		EA3113781FD63BE900BF1A77 /* View */ = {
			isa = PBXGroup;
			children = (
				EA3D3DFE213D1A55000D7DAC /* LNFPhotoLibraryPhotoAlbumListCell.h */,
				EA3D3DFF213D1A55000D7DAC /* LNFPhotoLibraryPhotoAlbumListCell.m */,
				EA3D3E0A213D1CC2000D7DAC /* LNFPhotoShowCollectionViewCell.h */,
				EA3D3E0B213D1CC2000D7DAC /* LNFPhotoShowCollectionViewCell.m */,
				EA3D3E0D213D1E81000D7DAC /* LNFZoomPictureView.h */,
				EA3D3E0E213D1E81000D7DAC /* LNFZoomPictureView.m */,
			);
			path = View;
			sourceTree = "<group>";
		};
		EA31137A1FD6431700BF1A77 /* CommonFiles */ = {
			isa = PBXGroup;
			children = (
				EA3113AF1FD6608A00BF1A77 /* Category */,
				EA3113A71FD64DD900BF1A77 /* PlistFiles */,
				EA31139C1FD649D000BF1A77 /* HeaderFiles */,
				EA31137B1FD6431700BF1A77 /* Controller */,
				EA31137C1FD6431700BF1A77 /* Model */,
				EA31137D1FD6431700BF1A77 /* Sources */,
				EA31137E1FD6431700BF1A77 /* View */,
			);
			path = CommonFiles;
			sourceTree = "<group>";
		};
		EA31137B1FD6431700BF1A77 /* Controller */ = {
			isa = PBXGroup;
			children = (
				EA3113821FD647C300BF1A77 /* LNFTabBarController.h */,
				EA3113831FD647C300BF1A77 /* LNFTabBarController.m */,
				EA3113851FD6483E00BF1A77 /* LNFBaseVc.h */,
				EA3113861FD6483E00BF1A77 /* LNFBaseVc.m */,
				EA31139E1FD64A9300BF1A77 /* LNFNavigationVc.h */,
				EA31139F1FD64A9300BF1A77 /* LNFNavigationVc.m */,
			);
			path = Controller;
			sourceTree = "<group>";
		};
		EA31137C1FD6431700BF1A77 /* Model */ = {
			isa = PBXGroup;
			children = (
				EA31137F1FD6433500BF1A77 /* LNFAppHelper.h */,
				EA3113801FD6433500BF1A77 /* LNFAppHelper.m */,
				EA3113BB1FD6637800BF1A77 /* LNFTableViewDataSourceHelper.h */,
				EA3113BD1FD6637800BF1A77 /* LNFTableViewDataSourceHelper.m */,
				EA3113BC1FD6637800BF1A77 /* LNFTableViewDelegateHelper.h */,
				EA3113BE1FD6637800BF1A77 /* LNFTableViewDelegateHelper.m */,
			);
			path = Model;
			sourceTree = "<group>";
		};
		EA31137D1FD6431700BF1A77 /* Sources */ = {
			isa = PBXGroup;
			children = (
				EA3113901FD6499200BF1A77 /* check_choose@3x.png */,
				EA31138A1FD6499100BF1A77 /* check_notchoose@3x.png */,
				EA3113881FD6499100BF1A77 /* common_check_choose@3x.png */,
				EA31138B1FD6499200BF1A77 /* common_check_notchoose@3x.png */,
				EA31138F1FD6499200BF1A77 /* common_filter@3x.png */,
				EA3113911FD6499300BF1A77 /* common_loadingHud@2x.png */,
				EA31138E1FD6499200BF1A77 /* common_navBar_back_icon@3x.png */,
				EA31138D1FD6499200BF1A77 /* common_refresh@3x.png */,
				EA3113891FD6499100BF1A77 /* common_right_arrow@3x.png */,
				EA31138C1FD6499200BF1A77 /* common_search@3x.png */,
				EA3D3E13213D2488000D7DAC /* common_picture_placeholder@3x.png */,
			);
			path = Sources;
			sourceTree = "<group>";
		};
		EA31137E1FD6431700BF1A77 /* View */ = {
			isa = PBXGroup;
			children = (
			);
			path = View;
			sourceTree = "<group>";
		};
		EA31139C1FD649D000BF1A77 /* HeaderFiles */ = {
			isa = PBXGroup;
			children = (
				EA31139D1FD649F300BF1A77 /* LNFCommonStringHeader.h */,
				EA3113AD1FD6519F00BF1A77 /* LNFUserDefultsHeader.h */,
			);
			path = HeaderFiles;
			sourceTree = "<group>";
		};
		EA3113A71FD64DD900BF1A77 /* PlistFiles */ = {
			isa = PBXGroup;
			children = (
				EA3113B91FD6611700BF1A77 /* BaseUrl.plist */,
			);
			path = PlistFiles;
			sourceTree = "<group>";
		};
		EA3113AF1FD6608A00BF1A77 /* Category */ = {
			isa = PBXGroup;
			children = (
				EA3113B01FD660A900BF1A77 /* UIAlertView+Blocks */,
				EA3D3E10213D221A000D7DAC /* UIImage+LNFCategory.h */,
				EA3D3E11213D221A000D7DAC /* UIImage+LNFCategory.m */,
			);
			path = Category;
			sourceTree = "<group>";
		};
		EA3113B01FD660A900BF1A77 /* UIAlertView+Blocks */ = {
			isa = PBXGroup;
			children = (
				EA3113B11FD660A900BF1A77 /* LNFButtonItem.h */,
				EA3113B21FD660A900BF1A77 /* LNFButtonItem.m */,
				EA3113B31FD660A900BF1A77 /* UIAlertView+Blocks.h */,
				EA3113B41FD660A900BF1A77 /* UIAlertView+Blocks.m */,
			);
			path = "UIAlertView+Blocks";
			sourceTree = "<group>";
		};
		EA3D3DFA213D15F7000D7DAC /* Supporting Files */ = {
			isa = PBXGroup;
			children = (
				EA31135E1FD63BCB00BF1A77 /* AppDelegate.h */,
				EA31135F1FD63BCB00BF1A77 /* AppDelegate.m */,
				EA3113671FD63BCB00BF1A77 /* Assets.xcassets */,
				EA31136C1FD63BCB00BF1A77 /* Info.plist */,
				EA31136D1FD63BCB00BF1A77 /* main.m */,
				EA3113791FD63E6600BF1A77 /* PrefixHeader.pch */,
			);
			name = "Supporting Files";
			sourceTree = "<group>";
		};
/* End PBXGroup section */

/* Begin PBXNativeTarget section */
		EA31135A1FD63BCB00BF1A77 /* iOS_Learning */ = {
			isa = PBXNativeTarget;
			buildConfigurationList = EA3113711FD63BCB00BF1A77 /* Build configuration list for PBXNativeTarget "iOS_Learning" */;
			buildPhases = (
				134C1407A61A002DA881D94A /* [CP] Check Pods Manifest.lock */,
				EA3113571FD63BCB00BF1A77 /* Sources */,
				EA3113581FD63BCB00BF1A77 /* Frameworks */,
				EA3113591FD63BCB00BF1A77 /* Resources */,
				3084BE6723ECF59C53328D66 /* [CP] Embed Pods Frameworks */,
				80A8746526EB559E4EE073B6 /* [CP] Copy Pods Resources */,
			);
			buildRules = (
			);
			dependencies = (
			);
			name = iOS_Learning;
			productName = iOS_Learning;
			productReference = EA31135B1FD63BCB00BF1A77 /* iOS_Learning.app */;
			productType = "com.apple.product-type.application";
		};
/* End PBXNativeTarget section */

/* Begin PBXProject section */
		EA3113531FD63BCB00BF1A77 /* Project object */ = {
			isa = PBXProject;
			attributes = {
				LastUpgradeCheck = 0910;
				ORGANIZATIONNAME = interstellar;
				TargetAttributes = {
					EA31135A1FD63BCB00BF1A77 = {
						CreatedOnToolsVersion = 9.1;
						ProvisioningStyle = Manual;
					};
				};
			};
			buildConfigurationList = EA3113561FD63BCB00BF1A77 /* Build configuration list for PBXProject "iOS_Learning" */;
			compatibilityVersion = "Xcode 8.0";
			developmentRegion = en;
			hasScannedForEncodings = 0;
			knownRegions = (
				en,
				Base,
			);
			mainGroup = EA3113521FD63BCB00BF1A77;
			productRefGroup = EA31135C1FD63BCB00BF1A77 /* Products */;
			projectDirPath = "";
			projectRoot = "";
			targets = (
				EA31135A1FD63BCB00BF1A77 /* iOS_Learning */,
			);
		};
/* End PBXProject section */

/* Begin PBXResourcesBuildPhase section */
		EA3113591FD63BCB00BF1A77 /* Resources */ = {
			isa = PBXResourcesBuildPhase;
			buildActionMask = 2147483647;
			files = (
				EA3113961FD6499300BF1A77 /* common_search@3x.png in Resources */,
				EA3113921FD6499300BF1A77 /* common_check_choose@3x.png in Resources */,
				EA31139B1FD6499300BF1A77 /* common_loadingHud@2x.png in Resources */,
				EA3D3E14213D2489000D7DAC /* common_picture_placeholder@3x.png in Resources */,
				EA3113991FD6499300BF1A77 /* common_filter@3x.png in Resources */,
				EA3113971FD6499300BF1A77 /* common_refresh@3x.png in Resources */,
				EA3113681FD63BCB00BF1A77 /* Assets.xcassets in Resources */,
				EA3113931FD6499300BF1A77 /* common_right_arrow@3x.png in Resources */,
				EA3113941FD6499300BF1A77 /* check_notchoose@3x.png in Resources */,
				EA3113BA1FD6611700BF1A77 /* BaseUrl.plist in Resources */,
				47B4AC7E20E4B9EB005AD68B /* LNFPasswordGenerateVc.xib in Resources */,
				EA31139A1FD6499300BF1A77 /* check_choose@3x.png in Resources */,
				EA3113981FD6499300BF1A77 /* common_navBar_back_icon@3x.png in Resources */,
				EA3113951FD6499300BF1A77 /* common_check_notchoose@3x.png in Resources */,
			);
			runOnlyForDeploymentPostprocessing = 0;
		};
/* End PBXResourcesBuildPhase section */

/* Begin PBXShellScriptBuildPhase section */
		134C1407A61A002DA881D94A /* [CP] Check Pods Manifest.lock */ = {
			isa = PBXShellScriptBuildPhase;
			buildActionMask = 2147483647;
			files = (
			);
			inputPaths = (
			);
			name = "[CP] Check Pods Manifest.lock";
			outputPaths = (
			);
			runOnlyForDeploymentPostprocessing = 0;
			shellPath = /bin/sh;
			shellScript = "diff \"${PODS_ROOT}/../Podfile.lock\" \"${PODS_ROOT}/Manifest.lock\" > /dev/null\nif [ $? != 0 ] ; then\n    # print error to STDERR\n    echo \"error: The sandbox is not in sync with the Podfile.lock. Run 'pod install' or update your CocoaPods installation.\" >&2\n    exit 1\nfi\n";
			showEnvVarsInLog = 0;
		};
		3084BE6723ECF59C53328D66 /* [CP] Embed Pods Frameworks */ = {
			isa = PBXShellScriptBuildPhase;
			buildActionMask = 2147483647;
			files = (
			);
			inputPaths = (
			);
			name = "[CP] Embed Pods Frameworks";
			outputPaths = (
			);
			runOnlyForDeploymentPostprocessing = 0;
			shellPath = /bin/sh;
			shellScript = "\"${SRCROOT}/Pods/Target Support Files/Pods-iOS_Learning/Pods-iOS_Learning-frameworks.sh\"\n";
			showEnvVarsInLog = 0;
		};
		80A8746526EB559E4EE073B6 /* [CP] Copy Pods Resources */ = {
			isa = PBXShellScriptBuildPhase;
			buildActionMask = 2147483647;
			files = (
			);
			inputPaths = (
			);
			name = "[CP] Copy Pods Resources";
			outputPaths = (
			);
			runOnlyForDeploymentPostprocessing = 0;
			shellPath = /bin/sh;
			shellScript = "\"${SRCROOT}/Pods/Target Support Files/Pods-iOS_Learning/Pods-iOS_Learning-resources.sh\"\n";
			showEnvVarsInLog = 0;
		};
/* End PBXShellScriptBuildPhase section */

/* Begin PBXSourcesBuildPhase section */
		EA3113571FD63BCB00BF1A77 /* Sources */ = {
			isa = PBXSourcesBuildPhase;
			buildActionMask = 2147483647;
			files = (
				EA3113C01FD6637800BF1A77 /* LNFTableViewDelegateHelper.m in Sources */,
				EA3113C61FD6684600BF1A77 /* LNFIdCardNumberModel.m in Sources */,
				EA3D3E09213D1BA3000D7DAC /* LNFPhotoLibraryPhotoShowAndSelectVc.m in Sources */,
				EA3113841FD647C300BF1A77 /* LNFTabBarController.m in Sources */,
				EA3113B51FD660A900BF1A77 /* LNFButtonItem.m in Sources */,
				EA3D3E00213D1A55000D7DAC /* LNFPhotoLibraryPhotoAlbumListCell.m in Sources */,
				EA3D3E0F213D1E81000D7DAC /* LNFZoomPictureView.m in Sources */,
				EA31136E1FD63BCB00BF1A77 /* main.m in Sources */,
				EA3D3E06213D1B16000D7DAC /* LNFAssetRequestImageHelpModel.m in Sources */,
				EA3D3E03213D1AD2000D7DAC /* LNFFetchPhotoAlbumListHelpModel.m in Sources */,
				EA3113601FD63BCB00BF1A77 /* AppDelegate.m in Sources */,
				EA3D3E0C213D1CC2000D7DAC /* LNFPhotoShowCollectionViewCell.m in Sources */,
				EA3D3DFD213D19CD000D7DAC /* LNFPhotoLibraryPhotoAlbumListVc.m in Sources */,
				EA3113871FD6483E00BF1A77 /* LNFBaseVc.m in Sources */,
				EA3D3E12213D221A000D7DAC /* UIImage+LNFCategory.m in Sources */,
				EA3113B61FD660A900BF1A77 /* UIAlertView+Blocks.m in Sources */,
				EA3113AC1FD6507F00BF1A77 /* LNFChangeBaseUrlVc.m in Sources */,
				EA3113811FD6433500BF1A77 /* LNFAppHelper.m in Sources */,
				EA3113A31FD64B6000BF1A77 /* LNFMainModuleVc.m in Sources */,
				47B4AC7D20E4B9EB005AD68B /* LNFPasswordGenerateVc.m in Sources */,
				EA3113A01FD64A9300BF1A77 /* LNFNavigationVc.m in Sources */,
				EA3113BF1FD6637800BF1A77 /* LNFTableViewDataSourceHelper.m in Sources */,
			);
			runOnlyForDeploymentPostprocessing = 0;
		};
/* End PBXSourcesBuildPhase section */

/* Begin XCBuildConfiguration section */
		EA31136F1FD63BCB00BF1A77 /* Debug */ = {
			isa = XCBuildConfiguration;
			buildSettings = {
				ALWAYS_SEARCH_USER_PATHS = NO;
				CLANG_ANALYZER_NONNULL = YES;
				CLANG_ANALYZER_NUMBER_OBJECT_CONVERSION = YES_AGGRESSIVE;
				CLANG_CXX_LANGUAGE_STANDARD = "gnu++14";
				CLANG_CXX_LIBRARY = "libc++";
				CLANG_ENABLE_MODULES = YES;
				CLANG_ENABLE_OBJC_ARC = YES;
				CLANG_WARN_BLOCK_CAPTURE_AUTORELEASING = YES;
				CLANG_WARN_BOOL_CONVERSION = YES;
				CLANG_WARN_COMMA = YES;
				CLANG_WARN_CONSTANT_CONVERSION = YES;
				CLANG_WARN_DIRECT_OBJC_ISA_USAGE = YES_ERROR;
				CLANG_WARN_DOCUMENTATION_COMMENTS = YES;
				CLANG_WARN_EMPTY_BODY = YES;
				CLANG_WARN_ENUM_CONVERSION = YES;
				CLANG_WARN_INFINITE_RECURSION = YES;
				CLANG_WARN_INT_CONVERSION = YES;
				CLANG_WARN_NON_LITERAL_NULL_CONVERSION = YES;
				CLANG_WARN_OBJC_LITERAL_CONVERSION = YES;
				CLANG_WARN_OBJC_ROOT_CLASS = YES_ERROR;
				CLANG_WARN_RANGE_LOOP_ANALYSIS = YES;
				CLANG_WARN_STRICT_PROTOTYPES = YES;
				CLANG_WARN_SUSPICIOUS_MOVE = YES;
				CLANG_WARN_UNGUARDED_AVAILABILITY = YES_AGGRESSIVE;
				CLANG_WARN_UNREACHABLE_CODE = YES;
				CLANG_WARN__DUPLICATE_METHOD_MATCH = YES;
				CODE_SIGN_IDENTITY = "iPhone Developer";
				COPY_PHASE_STRIP = NO;
				DEBUG_INFORMATION_FORMAT = dwarf;
				ENABLE_STRICT_OBJC_MSGSEND = YES;
				ENABLE_TESTABILITY = YES;
				GCC_C_LANGUAGE_STANDARD = gnu11;
				GCC_DYNAMIC_NO_PIC = NO;
				GCC_NO_COMMON_BLOCKS = YES;
				GCC_OPTIMIZATION_LEVEL = 0;
				GCC_PREPROCESSOR_DEFINITIONS = (
					"DEBUG=1",
					"$(inherited)",
				);
				GCC_WARN_64_TO_32_BIT_CONVERSION = YES;
				GCC_WARN_ABOUT_RETURN_TYPE = YES_ERROR;
				GCC_WARN_UNDECLARED_SELECTOR = YES;
				GCC_WARN_UNINITIALIZED_AUTOS = YES_AGGRESSIVE;
				GCC_WARN_UNUSED_FUNCTION = YES;
				GCC_WARN_UNUSED_VARIABLE = YES;
				IPHONEOS_DEPLOYMENT_TARGET = 11.1;
				MTL_ENABLE_DEBUG_INFO = YES;
				ONLY_ACTIVE_ARCH = YES;
				SDKROOT = iphoneos;
			};
			name = Debug;
		};
		EA3113701FD63BCB00BF1A77 /* Release */ = {
			isa = XCBuildConfiguration;
			buildSettings = {
				ALWAYS_SEARCH_USER_PATHS = NO;
				CLANG_ANALYZER_NONNULL = YES;
				CLANG_ANALYZER_NUMBER_OBJECT_CONVERSION = YES_AGGRESSIVE;
				CLANG_CXX_LANGUAGE_STANDARD = "gnu++14";
				CLANG_CXX_LIBRARY = "libc++";
				CLANG_ENABLE_MODULES = YES;
				CLANG_ENABLE_OBJC_ARC = YES;
				CLANG_WARN_BLOCK_CAPTURE_AUTORELEASING = YES;
				CLANG_WARN_BOOL_CONVERSION = YES;
				CLANG_WARN_COMMA = YES;
				CLANG_WARN_CONSTANT_CONVERSION = YES;
				CLANG_WARN_DIRECT_OBJC_ISA_USAGE = YES_ERROR;
				CLANG_WARN_DOCUMENTATION_COMMENTS = YES;
				CLANG_WARN_EMPTY_BODY = YES;
				CLANG_WARN_ENUM_CONVERSION = YES;
				CLANG_WARN_INFINITE_RECURSION = YES;
				CLANG_WARN_INT_CONVERSION = YES;
				CLANG_WARN_NON_LITERAL_NULL_CONVERSION = YES;
				CLANG_WARN_OBJC_LITERAL_CONVERSION = YES;
				CLANG_WARN_OBJC_ROOT_CLASS = YES_ERROR;
				CLANG_WARN_RANGE_LOOP_ANALYSIS = YES;
				CLANG_WARN_STRICT_PROTOTYPES = YES;
				CLANG_WARN_SUSPICIOUS_MOVE = YES;
				CLANG_WARN_UNGUARDED_AVAILABILITY = YES_AGGRESSIVE;
				CLANG_WARN_UNREACHABLE_CODE = YES;
				CLANG_WARN__DUPLICATE_METHOD_MATCH = YES;
				CODE_SIGN_IDENTITY = "iPhone Developer";
				COPY_PHASE_STRIP = NO;
				DEBUG_INFORMATION_FORMAT = "dwarf-with-dsym";
				ENABLE_NS_ASSERTIONS = NO;
				ENABLE_STRICT_OBJC_MSGSEND = YES;
				GCC_C_LANGUAGE_STANDARD = gnu11;
				GCC_NO_COMMON_BLOCKS = YES;
				GCC_WARN_64_TO_32_BIT_CONVERSION = YES;
				GCC_WARN_ABOUT_RETURN_TYPE = YES_ERROR;
				GCC_WARN_UNDECLARED_SELECTOR = YES;
				GCC_WARN_UNINITIALIZED_AUTOS = YES_AGGRESSIVE;
				GCC_WARN_UNUSED_FUNCTION = YES;
				GCC_WARN_UNUSED_VARIABLE = YES;
				IPHONEOS_DEPLOYMENT_TARGET = 11.1;
				MTL_ENABLE_DEBUG_INFO = NO;
				SDKROOT = iphoneos;
				VALIDATE_PRODUCT = YES;
			};
			name = Release;
		};
		EA3113721FD63BCB00BF1A77 /* Debug */ = {
			isa = XCBuildConfiguration;
			baseConfigurationReference = F0F56A4E8AF4EDA8F8F69B87 /* Pods-iOS_Learning.debug.xcconfig */;
			buildSettings = {
				ASSETCATALOG_COMPILER_APPICON_NAME = AppIcon;
				CODE_SIGN_STYLE = Manual;
				DEVELOPMENT_TEAM = "";
				GCC_PREFIX_HEADER = $SRCROOT/iOS_Learning/PrefixHeader.pch;
				INFOPLIST_FILE = iOS_Learning/Info.plist;
				IPHONEOS_DEPLOYMENT_TARGET = 8.0;
				LD_RUNPATH_SEARCH_PATHS = "$(inherited) @executable_path/Frameworks";
				PRODUCT_BUNDLE_IDENTIFIER = "com.interstellar.iOS-Learning";
				PRODUCT_NAME = "$(TARGET_NAME)";
				PROVISIONING_PROFILE_SPECIFIER = "";
				TARGETED_DEVICE_FAMILY = "1,2";
			};
			name = Debug;
		};
		EA3113731FD63BCB00BF1A77 /* Release */ = {
			isa = XCBuildConfiguration;
			baseConfigurationReference = 487B35305F8BD77762380BB6 /* Pods-iOS_Learning.release.xcconfig */;
			buildSettings = {
				ASSETCATALOG_COMPILER_APPICON_NAME = AppIcon;
				CODE_SIGN_STYLE = Manual;
				DEVELOPMENT_TEAM = "";
				GCC_PREFIX_HEADER = $SRCROOT/iOS_Learning/PrefixHeader.pch;
				INFOPLIST_FILE = iOS_Learning/Info.plist;
				IPHONEOS_DEPLOYMENT_TARGET = 8.0;
				LD_RUNPATH_SEARCH_PATHS = "$(inherited) @executable_path/Frameworks";
				PRODUCT_BUNDLE_IDENTIFIER = "com.interstellar.iOS-Learning";
				PRODUCT_NAME = "$(TARGET_NAME)";
				PROVISIONING_PROFILE_SPECIFIER = "";
				TARGETED_DEVICE_FAMILY = "1,2";
			};
			name = Release;
		};
/* End XCBuildConfiguration section */

/* Begin XCConfigurationList section */
		EA3113561FD63BCB00BF1A77 /* Build configuration list for PBXProject "iOS_Learning" */ = {
			isa = XCConfigurationList;
			buildConfigurations = (
				EA31136F1FD63BCB00BF1A77 /* Debug */,
				EA3113701FD63BCB00BF1A77 /* Release */,
			);
			defaultConfigurationIsVisible = 0;
			defaultConfigurationName = Release;
		};
		EA3113711FD63BCB00BF1A77 /* Build configuration list for PBXNativeTarget "iOS_Learning" */ = {
			isa = XCConfigurationList;
			buildConfigurations = (
				EA3113721FD63BCB00BF1A77 /* Debug */,
				EA3113731FD63BCB00BF1A77 /* Release */,
			);
			defaultConfigurationIsVisible = 0;
			defaultConfigurationName = Release;
		};
/* End XCConfigurationList section */
	};
	rootObject = EA3113531FD63BCB00BF1A77 /* Project object */;
}
